
Microsoft Visual Studio Solution File, Format Version 12.00
# Visual Studio Version 16
VisualStudioVersion = 16.0.30717.126
MinimumVisualStudioVersion = 10.0.40219.1
Project("{9A19103F-16F7-4668-BE54-9A1E7A4F7556}") = "OpenDart.WebAPI", "OpenDart.WebAPI\OpenDart.WebAPI.csproj", "{B9895EB9-2CB9-46EB-8264-2BCB0D606A63}"
EndProject
Project("{FAE04EC0-301F-11D3-BF4B-00C04F79EFBC}") = "OpenDart.Model", "OpenDart.Model\OpenDart.Model.csproj", "{7B3C7B8E-0DE9-4088-B4A1-6730D98874FA}"
EndProject
Global
	GlobalSection(SolutionConfigurationPlatforms) = preSolution
		Debug|Any CPU = Debug|Any CPU
		Release|Any CPU = Release|Any CPU
	EndGlobalSection
	GlobalSection(ProjectConfigurationPlatforms) = postSolution
		{B9895EB9-2CB9-46EB-8264-2BCB0D606A63}.Debug|Any CPU.ActiveCfg = Debug|Any CPU
		{B9895EB9-2CB9-46EB-8264-2BCB0D606A63}.Debug|Any CPU.Build.0 = Debug|Any CPU
		{B9895EB9-2CB9-46EB-8264-2BCB0D606A63}.Release|Any CPU.ActiveCfg = Release|Any CPU
		{B9895EB9-2CB9-46EB-8264-2BCB0D606A63}.Release|Any CPU.Build.0 = Release|Any CPU
		{7B3C7B8E-0DE9-4088-B4A1-6730D98874FA}.Debug|Any CPU.ActiveCfg = Debug|Any CPU
		{7B3C7B8E-0DE9-4088-B4A1-6730D98874FA}.Debug|Any CPU.Build.0 = Debug|Any CPU
		{7B3C7B8E-0DE9-4088-B4A1-6730D98874FA}.Release|Any CPU.ActiveCfg = Release|Any CPU
		{7B3C7B8E-0DE9-4088-B4A1-6730D98874FA}.Release|Any CPU.Build.0 = Release|Any CPU
	EndGlobalSection
	GlobalSection(SolutionProperties) = preSolution
		HideSolutionNode = FALSE
	EndGlobalSection
	GlobalSection(ExtensibilityGlobals) = postSolution
		SolutionGuid = {8988649C-077B-4470-9373-05876E20DCAC}
	EndGlobalSection
EndGlobal
